// !$*UTF8*$!
{
	archiveVersion = 1;
	classes = {
	};
	objectVersion = 46;
	objects = {

/* Begin PBXBuildFile section */
		812DFC5F1AA48C1200514DD8 /* TONYVC.swift in Sources */ = {isa = PBXBuildFile; fileRef = 812DFC5E1AA48C1200514DD8 /* TONYVC.swift */; };
		814497001AA47A4B00B397BC /* AppDelegate.swift in Sources */ = {isa = PBXBuildFile; fileRef = 814496FF1AA47A4B00B397BC /* AppDelegate.swift */; };
		814497021AA47A4B00B397BC /* ViewController.swift in Sources */ = {isa = PBXBuildFile; fileRef = 814497011AA47A4B00B397BC /* ViewController.swift */; };
		814497051AA47A4B00B397BC /* Main.storyboard in Resources */ = {isa = PBXBuildFile; fileRef = 814497031AA47A4B00B397BC /* Main.storyboard */; };
		814497071AA47A4B00B397BC /* Images.xcassets in Resources */ = {isa = PBXBuildFile; fileRef = 814497061AA47A4B00B397BC /* Images.xcassets */; };
		8144970A1AA47A4B00B397BC /* LaunchScreen.xib in Resources */ = {isa = PBXBuildFile; fileRef = 814497081AA47A4B00B397BC /* LaunchScreen.xib */; };
		814497161AA47A4B00B397BC /* adv201503Tests.swift in Sources */ = {isa = PBXBuildFile; fileRef = 814497151AA47A4B00B397BC /* adv201503Tests.swift */; };
		81DA542E1AA48B7F00636171 /* TEDVC.swift in Sources */ = {isa = PBXBuildFile; fileRef = 81DA542D1AA48B7F00636171 /* TEDVC.swift */; };
/* End PBXBuildFile section */

/* Begin PBXContainerItemProxy section */
		814497101AA47A4B00B397BC /* PBXContainerItemProxy */ = {
			isa = PBXContainerItemProxy;
			containerPortal = 814496F21AA47A4A00B397BC /* Project object */;
			proxyType = 1;
			remoteGlobalIDString = 814496F91AA47A4B00B397BC;
			remoteInfo = adv201503;
		};
/* End PBXContainerItemProxy section */

/* Begin PBXFileReference section */
		812DFC5E1AA48C1200514DD8 /* TONYVC.swift */ = {isa = PBXFileReference; fileEncoding = 4; lastKnownFileType = sourcecode.swift; path = TONYVC.swift; sourceTree = "<group>"; };
		814496FA1AA47A4B00B397BC /* adv201503.app */ = {isa = PBXFileReference; explicitFileType = wrapper.application; includeInIndex = 0; path = adv201503.app; sourceTree = BUILT_PRODUCTS_DIR; };
		814496FE1AA47A4B00B397BC /* Info.plist */ = {isa = PBXFileReference; lastKnownFileType = text.plist.xml; path = Info.plist; sourceTree = "<group>"; };
		814496FF1AA47A4B00B397BC /* AppDelegate.swift */ = {isa = PBXFileReference; lastKnownFileType = sourcecode.swift; path = AppDelegate.swift; sourceTree = "<group>"; };
		814497011AA47A4B00B397BC /* ViewController.swift */ = {isa = PBXFileReference; lastKnownFileType = sourcecode.swift; path = ViewController.swift; sourceTree = "<group>"; };
		814497041AA47A4B00B397BC /* Base */ = {isa = PBXFileReference; lastKnownFileType = file.storyboard; name = Base; path = Base.lproj/Main.storyboard; sourceTree = "<group>"; };
		814497061AA47A4B00B397BC /* Images.xcassets */ = {isa = PBXFileReference; lastKnownFileType = folder.assetcatalog; path = Images.xcassets; sourceTree = "<group>"; };
		814497091AA47A4B00B397BC /* Base */ = {isa = PBXFileReference; lastKnownFileType = file.xib; name = Base; path = Base.lproj/LaunchScreen.xib; sourceTree = "<group>"; };
		8144970F1AA47A4B00B397BC /* adv201503Tests.xctest */ = {isa = PBXFileReference; explicitFileType = wrapper.cfbundle; includeInIndex = 0; path = adv201503Tests.xctest; sourceTree = BUILT_PRODUCTS_DIR; };
		814497141AA47A4B00B397BC /* Info.plist */ = {isa = PBXFileReference; lastKnownFileType = text.plist.xml; path = Info.plist; sourceTree = "<group>"; };
		814497151AA47A4B00B397BC /* adv201503Tests.swift */ = {isa = PBXFileReference; lastKnownFileType = sourcecode.swift; path = adv201503Tests.swift; sourceTree = "<group>"; };
		81DA542D1AA48B7F00636171 /* TEDVC.swift */ = {isa = PBXFileReference; fileEncoding = 4; lastKnownFileType = sourcecode.swift; path = TEDVC.swift; sourceTree = "<group>"; };
/* End PBXFileReference section */

/* Begin PBXFrameworksBuildPhase section */
		814496F71AA47A4B00B397BC /* Frameworks */ = {
			isa = PBXFrameworksBuildPhase;
			buildActionMask = 2147483647;
			files = (
			);
			runOnlyForDeploymentPostprocessing = 0;
		};
		8144970C1AA47A4B00B397BC /* Frameworks */ = {
			isa = PBXFrameworksBuildPhase;
			buildActionMask = 2147483647;
			files = (
			);
			runOnlyForDeploymentPostprocessing = 0;
		};
/* End PBXFrameworksBuildPhase section */

/* Begin PBXGroup section */
		814496F11AA47A4A00B397BC = {
			isa = PBXGroup;
			children = (
				814496FC1AA47A4B00B397BC /* adv201503 */,
				814497121AA47A4B00B397BC /* adv201503Tests */,
				814496FB1AA47A4B00B397BC /* Products */,
			);
			sourceTree = "<group>";
		};
		814496FB1AA47A4B00B397BC /* Products */ = {
			isa = PBXGroup;
			children = (
				814496FA1AA47A4B00B397BC /* adv201503.app */,
				8144970F1AA47A4B00B397BC /* adv201503Tests.xctest */,
			);
			name = Products;
			sourceTree = "<group>";
		};
		814496FC1AA47A4B00B397BC /* adv201503 */ = {
			isa = PBXGroup;
			children = (
				814496FF1AA47A4B00B397BC /* AppDelegate.swift */,
				814497011AA47A4B00B397BC /* ViewController.swift */,
				814497031AA47A4B00B397BC /* Main.storyboard */,
				814497061AA47A4B00B397BC /* Images.xcassets */,
				814497081AA47A4B00B397BC /* LaunchScreen.xib */,
				814496FD1AA47A4B00B397BC /* Supporting Files */,
				81DA542D1AA48B7F00636171 /* TEDVC.swift */,
				812DFC5E1AA48C1200514DD8 /* TONYVC.swift */,
			);
			path = adv201503;
			sourceTree = "<group>";
		};
		814496FD1AA47A4B00B397BC /* Supporting Files */ = {
			isa = PBXGroup;
			children = (
				814496FE1AA47A4B00B397BC /* Info.plist */,
			);
			name = "Supporting Files";
			sourceTree = "<group>";
		};
		814497121AA47A4B00B397BC /* adv201503Tests */ = {
			isa = PBXGroup;
			children = (
				814497151AA47A4B00B397BC /* adv201503Tests.swift */,
				814497131AA47A4B00B397BC /* Supporting Files */,
			);
			path = adv201503Tests;
			sourceTree = "<group>";
		};
		814497131AA47A4B00B397BC /* Supporting Files */ = {
			isa = PBXGroup;
			children = (
				814497141AA47A4B00B397BC /* Info.plist */,
			);
			name = "Supporting Files";
			sourceTree = "<group>";
		};
/* End PBXGroup section */

/* Begin PBXNativeTarget section */
		814496F91AA47A4B00B397BC /* adv201503 */ = {
			isa = PBXNativeTarget;
			buildConfigurationList = 814497191AA47A4B00B397BC /* Build configuration list for PBXNativeTarget "adv201503" */;
			buildPhases = (
				814496F61AA47A4B00B397BC /* Sources */,
				814496F71AA47A4B00B397BC /* Frameworks */,
				814496F81AA47A4B00B397BC /* Resources */,
			);
			buildRules = (
			);
			dependencies = (
			);
			name = adv201503;
			productName = adv201503;
			productReference = 814496FA1AA47A4B00B397BC /* adv201503.app */;
			productType = "com.apple.product-type.application";
		};
		8144970E1AA47A4B00B397BC /* adv201503Tests */ = {
			isa = PBXNativeTarget;
			buildConfigurationList = 8144971C1AA47A4B00B397BC /* Build configuration list for PBXNativeTarget "adv201503Tests" */;
			buildPhases = (
				8144970B1AA47A4B00B397BC /* Sources */,
				8144970C1AA47A4B00B397BC /* Frameworks */,
				8144970D1AA47A4B00B397BC /* Resources */,
			);
			buildRules = (
			);
			dependencies = (
				814497111AA47A4B00B397BC /* PBXTargetDependency */,
			);
			name = adv201503Tests;
			productName = adv201503Tests;
			productReference = 8144970F1AA47A4B00B397BC /* adv201503Tests.xctest */;
			productType = "com.apple.product-type.bundle.unit-test";
		};
/* End PBXNativeTarget section */

/* Begin PBXProject section */
		814496F21AA47A4A00B397BC /* Project object */ = {
			isa = PBXProject;
			attributes = {
				LastUpgradeCheck = 0610;
				ORGANIZATIONNAME = liangjason;
				TargetAttributes = {
					814496F91AA47A4B00B397BC = {
						CreatedOnToolsVersion = 6.1.1;
					};
					8144970E1AA47A4B00B397BC = {
						CreatedOnToolsVersion = 6.1.1;
						TestTargetID = 814496F91AA47A4B00B397BC;
					};
				};
			};
			buildConfigurationList = 814496F51AA47A4B00B397BC /* Build configuration list for PBXProject "adv201503" */;
			compatibilityVersion = "Xcode 3.2";
			developmentRegion = English;
			hasScannedForEncodings = 0;
			knownRegions = (
				en,
				Base,
			);
			mainGroup = 814496F11AA47A4A00B397BC;
			productRefGroup = 814496FB1AA47A4B00B397BC /* Products */;
			projectDirPath = "";
			projectRoot = "";
			targets = (
				814496F91AA47A4B00B397BC /* adv201503 */,
				8144970E1AA47A4B00B397BC /* adv201503Tests */,
			);
		};
/* End PBXProject section */

/* Begin PBXResourcesBuildPhase section */
		814496F81AA47A4B00B397BC /* Resources */ = {
			isa = PBXResourcesBuildPhase;
			buildActionMask = 2147483647;
			files = (
				814497051AA47A4B00B397BC /* Main.storyboard in Resources */,
				8144970A1AA47A4B00B397BC /* LaunchScreen.xib in Resources */,
				814497071AA47A4B00B397BC /* Images.xcassets in Resources */,
			);
			runOnlyForDeploymentPostprocessing = 0;
		};
		8144970D1AA47A4B00B397BC /* Resources */ = {
			isa = PBXResourcesBuildPhase;
			buildActionMask = 2147483647;
			files = (
			);
			runOnlyForDeploymentPostprocessing = 0;
		};
/* End PBXResourcesBuildPhase section */

/* Begin PBXSourcesBuildPhase section */
		814496F61AA47A4B00B397BC /* Sources */ = {
			isa = PBXSourcesBuildPhase;
			buildActionMask = 2147483647;
			files = (
				814497021AA47A4B00B397BC /* ViewController.swift in Sources */,
				81DA542E1AA48B7F00636171 /* TEDVC.swift in Sources */,
				812DFC5F1AA48C1200514DD8 /* TONYVC.swift in Sources */,
				814497001AA47A4B00B397BC /* AppDelegate.swift in Sources */,
			);
			runOnlyForDeploymentPostprocessing = 0;
		};
		8144970B1AA47A4B00B397BC /* Sources */ = {
			isa = PBXSourcesBuildPhase;
			buildActionMask = 2147483647;
			files = (
				814497161AA47A4B00B397BC /* adv201503Tests.swift in Sources */,
			);
			runOnlyForDeploymentPostprocessing = 0;
		};
/* End PBXSourcesBuildPhase section */

/* Begin PBXTargetDependency section */
		814497111AA47A4B00B397BC /* PBXTargetDependency */ = {
			isa = PBXTargetDependency;
			target = 814496F91AA47A4B00B397BC /* adv201503 */;
			targetProxy = 814497101AA47A4B00B397BC /* PBXContainerItemProxy */;
		};
/* End PBXTargetDependency section */

/* Begin PBXVariantGroup section */
		814497031AA47A4B00B397BC /* Main.storyboard */ = {
			isa = PBXVariantGroup;
			children = (
				814497041AA47A4B00B397BC /* Base */,
			);
			name = Main.storyboard;
			sourceTree = "<group>";
		};
		814497081AA47A4B00B397BC /* LaunchScreen.xib */ = {
			isa = PBXVariantGroup;
			children = (
				814497091AA47A4B00B397BC /* Base */,
			);
			name = LaunchScreen.xib;
			sourceTree = "<group>";
		};
/* End PBXVariantGroup section */

/* Begin XCBuildConfiguration section */
		814497171AA47A4B00B397BC /* Debug */ = {
			isa = XCBuildConfiguration;
			buildSettings = {
				ALWAYS_SEARCH_USER_PATHS = NO;
				CLANG_CXX_LANGUAGE_STANDARD = "gnu++0x";
				CLANG_CXX_LIBRARY = "libc++";
				CLANG_ENABLE_MODULES = YES;
				CLANG_ENABLE_OBJC_ARC = YES;
				CLANG_WARN_BOOL_CONVERSION = YES;
				CLANG_WARN_CONSTANT_CONVERSION = YES;
				CLANG_WARN_DIRECT_OBJC_ISA_USAGE = YES_ERROR;
				CLANG_WARN_EMPTY_BODY = YES;
				CLANG_WARN_ENUM_CONVERSION = YES;
				CLANG_WARN_INT_CONVERSION = YES;
				CLANG_WARN_OBJC_ROOT_CLASS = YES_ERROR;
				CLANG_WARN_UNREACHABLE_CODE = YES;
				CLANG_WARN__DUPLICATE_METHOD_MATCH = YES;
				"CODE_SIGN_IDENTITY[sdk=iphoneos*]" = "iPhone Developer";
				COPY_PHASE_STRIP = NO;
				ENABLE_STRICT_OBJC_MSGSEND = YES;
				GCC_C_LANGUAGE_STANDARD = gnu99;
				GCC_DYNAMIC_NO_PIC = NO;
				GCC_OPTIMIZATION_LEVEL = 0;
				GCC_PREPROCESSOR_DEFINITIONS = (
					"DEBUG=1",
					"$(inherited)",
				);
				GCC_SYMBOLS_PRIVATE_EXTERN = NO;
				GCC_WARN_64_TO_32_BIT_CONVERSION = YES;
				GCC_WARN_ABOUT_RETURN_TYPE = YES_ERROR;
				GCC_WARN_UNDECLARED_SELECTOR = YES;
				GCC_WARN_UNINITIALIZED_AUTOS = YES_AGGRESSIVE;
				GCC_WARN_UNUSED_FUNCTION = YES;
				GCC_WARN_UNUSED_VARIABLE = YES;
				IPHONEOS_DEPLOYMENT_TARGET = 8.1;
				MTL_ENABLE_DEBUG_INFO = YES;
				ONLY_ACTIVE_ARCH = YES;
				SDKROOT = iphoneos;
				SWIFT_OPTIMIZATION_LEVEL = "-Onone";
			};
			name = Debug;
		};
		814497181AA47A4B00B397BC /* Release */ = {
			isa = XCBuildConfiguration;
			buildSettings = {
				ALWAYS_SEARCH_USER_PATHS = NO;
				CLANG_CXX_LANGUAGE_STANDARD = "gnu++0x";
				CLANG_CXX_LIBRARY = "libc++";
				CLANG_ENABLE_MODULES = YES;
				CLANG_ENABLE_OBJC_ARC = YES;
				CLANG_WARN_BOOL_CONVERSION = YES;
				CLANG_WARN_CONSTANT_CONVERSION = YES;
				CLANG_WARN_DIRECT_OBJC_ISA_USAGE = YES_ERROR;
				CLANG_WARN_EMPTY_BODY = YES;
				CLANG_WARN_ENUM_CONVERSION = YES;
				CLANG_WARN_INT_CONVERSION = YES;
				CLANG_WARN_OBJC_ROOT_CLASS = YES_ERROR;
				CLANG_WARN_UNREACHABLE_CODE = YES;
				CLANG_WARN__DUPLICATE_METHOD_MATCH = YES;
				"CODE_SIGN_IDENTITY[sdk=iphoneos*]" = "iPhone Developer";
				COPY_PHASE_STRIP = YES;
				ENABLE_NS_ASSERTIONS = NO;
				ENABLE_STRICT_OBJC_MSGSEND = YES;
				GCC_C_LANGUAGE_STANDARD = gnu99;
				GCC_WARN_64_TO_32_BIT_CONVERSION = YES;
				GCC_WARN_ABOUT_RETURN_TYPE = YES_ERROR;
				GCC_WARN_UNDECLARED_SELECTOR = YES;
				GCC_WARN_UNINITIALIZED_AUTOS = YES_AGGRESSIVE;
				GCC_WARN_UNUSED_FUNCTION = YES;
				GCC_WARN_UNUSED_VARIABLE = YES;
				IPHONEOS_DEPLOYMENT_TARGET = 8.1;
				MTL_ENABLE_DEBUG_INFO = NO;
				SDKROOT = iphoneos;
				VALIDATE_PRODUCT = YES;
			};
			name = Release;
		};
		8144971A1AA47A4B00B397BC /* Debug */ = {
			isa = XCBuildConfiguration;
			buildSettings = {
				ASSETCATALOG_COMPILER_APPICON_NAME = AppIcon;
				INFOPLIST_FILE = adv201503/Info.plist;
				LD_RUNPATH_SEARCH_PATHS = "$(inherited) @executable_path/Frameworks";
				PRODUCT_NAME = "$(TARGET_NAME)";
			};
			name = Debug;
		};
		8144971B1AA47A4B00B397BC /* Release */ = {
			isa = XCBuildConfiguration;
			buildSettings = {
				ASSETCATALOG_COMPILER_APPICON_NAME = AppIcon;
				INFOPLIST_FILE = adv201503/Info.plist;
				LD_RUNPATH_SEARCH_PATHS = "$(inherited) @executable_path/Frameworks";
				PRODUCT_NAME = "$(TARGET_NAME)";
			};
			name = Release;
		};
		8144971D1AA47A4B00B397BC /* Debug */ = {
			isa = XCBuildConfiguration;
			buildSettings = {
				BUNDLE_LOADER = "$(TEST_HOST)";
				FRAMEWORK_SEARCH_PATHS = (
					"$(SDKROOT)/Developer/Library/Frameworks",
					"$(inherited)",
				);
				GCC_PREPROCESSOR_DEFINITIONS = (
					"DEBUG=1",
					"$(inherited)",
				);
				INFOPLIST_FILE = adv201503Tests/Info.plist;
				LD_RUNPATH_SEARCH_PATHS = "$(inherited) @executable_path/Frameworks @loader_path/Frameworks";
				PRODUCT_NAME = "$(TARGET_NAME)";
				TEST_HOST = "$(BUILT_PRODUCTS_DIR)/adv201503.app/adv201503";
			};
			name = Debug;
		};
		8144971E1AA47A4B00B397BC /* Release */ = {
			isa = XCBuildConfiguration;
			buildSettings = {
				BUNDLE_LOADER = "$(TEST_HOST)";
				FRAMEWORK_SEARCH_PATHS = (
					"$(SDKROOT)/Developer/Library/Frameworks",
					"$(inherited)",
				);
				INFOPLIST_FILE = adv201503Tests/Info.plist;
				LD_RUNPATH_SEARCH_PATHS = "$(inherited) @executable_path/Frameworks @loader_path/Frameworks";
				PRODUCT_NAME = "$(TARGET_NAME)";
				TEST_HOST = "$(BUILT_PRODUCTS_DIR)/adv201503.app/adv201503";
			};
			name = Release;
		};
/* End XCBuildConfiguration section */

/* Begin XCConfigurationList section */
		814496F51AA47A4B00B397BC /* Build configuration list for PBXProject "adv201503" */ = {
			isa = XCConfigurationList;
			buildConfigurations = (
				814497171AA47A4B00B397BC /* Debug */,
				814497181AA47A4B00B397BC /* Release */,
			);
			defaultConfigurationIsVisible = 0;
			defaultConfigurationName = Release;
		};
		814497191AA47A4B00B397BC /* Build configuration list for PBXNativeTarget "adv201503" */ = {
			isa = XCConfigurationList;
			buildConfigurations = (
				8144971A1AA47A4B00B397BC /* Debug */,
				8144971B1AA47A4B00B397BC /* Release */,
			);
			defaultConfigurationIsVisible = 0;
			defaultConfigurationName = Release;
		};
		8144971C1AA47A4B00B397BC /* Build configuration list for PBXNativeTarget "adv201503Tests" */ = {
			isa = XCConfigurationList;
			buildConfigurations = (
				8144971D1AA47A4B00B397BC /* Debug */,
				8144971E1AA47A4B00B397BC /* Release */,
			);
			defaultConfigurationIsVisible = 0;
			defaultConfigurationName = Release;
		};
/* End XCConfigurationList section */
	};
	rootObject = 814496F21AA47A4A00B397BC /* Project object */;
}
